// !$*UTF8*$!
{
	archiveVersion = 1;
	classes = {
	};
	objectVersion = 55;
	objects = {

/* Begin PBXBuildFile section */
		49E3CA4EB586662ABFE3ACB7 /* Pods_Mussiiker.framework in Frameworks */ = {isa = PBXBuildFile; fileRef = C9B8294F95369B83082C4813 /* Pods_Mussiiker.framework */; };
		9778E56F296EDED000C4FB84 /* Learner.swift in Sources */ = {isa = PBXBuildFile; fileRef = 9778E56E296EDED000C4FB84 /* Learner.swift */; };
		9778E572296EEDD400C4FB84 /* Teacher.swift in Sources */ = {isa = PBXBuildFile; fileRef = 9778E571296EEDD400C4FB84 /* Teacher.swift */; };
		9778E574296EEE4D00C4FB84 /* MusicHost.swift in Sources */ = {isa = PBXBuildFile; fileRef = 9778E573296EEE4D00C4FB84 /* MusicHost.swift */; };
		9778E576296EEEAA00C4FB84 /* BasicDefineModel.swift in Sources */ = {isa = PBXBuildFile; fileRef = 9778E575296EEEAA00C4FB84 /* BasicDefineModel.swift */; };
		9778E579296EFE2800C4FB84 /* DebugPrint.swift in Sources */ = {isa = PBXBuildFile; fileRef = 9778E578296EFE2800C4FB84 /* DebugPrint.swift */; };
		9778E581296EFF2C00C4FB84 /* LearnerInfoPageViewModel.swift in Sources */ = {isa = PBXBuildFile; fileRef = 9778E580296EFF2C00C4FB84 /* LearnerInfoPageViewModel.swift */; };
		97BE9AF7296F8502005BD6DF /* MainViewController.swift in Sources */ = {isa = PBXBuildFile; fileRef = 97BE9AF6296F8502005BD6DF /* MainViewController.swift */; };
		97BE9AFA296F86AE005BD6DF /* LoginViewController.swift in Sources */ = {isa = PBXBuildFile; fileRef = 97BE9AF8296F86AE005BD6DF /* LoginViewController.swift */; };
		97BE9AFB296F86AE005BD6DF /* LoginViewController.xib in Resources */ = {isa = PBXBuildFile; fileRef = 97BE9AF9296F86AE005BD6DF /* LoginViewController.xib */; };
		97BE9AFE296F88AF005BD6DF /* NearMusicClassRoomViewController.swift in Sources */ = {isa = PBXBuildFile; fileRef = 97BE9AFC296F88AF005BD6DF /* NearMusicClassRoomViewController.swift */; };
		97BE9AFF296F88AF005BD6DF /* NearMusicClassRoomViewController.xib in Resources */ = {isa = PBXBuildFile; fileRef = 97BE9AFD296F88AF005BD6DF /* NearMusicClassRoomViewController.xib */; };
		97BE9B02296F88D7005BD6DF /* FindGroupViewController.swift in Sources */ = {isa = PBXBuildFile; fileRef = 97BE9B00296F88D7005BD6DF /* FindGroupViewController.swift */; };
		97BE9B03296F88D7005BD6DF /* FindGroupViewController.xib in Resources */ = {isa = PBXBuildFile; fileRef = 97BE9B01296F88D7005BD6DF /* FindGroupViewController.xib */; };
		97BE9B06296F88ED005BD6DF /* FindTeacherViewController.swift in Sources */ = {isa = PBXBuildFile; fileRef = 97BE9B04296F88ED005BD6DF /* FindTeacherViewController.swift */; };
		97BE9B07296F88ED005BD6DF /* FindTeacherViewController.xib in Resources */ = {isa = PBXBuildFile; fileRef = 97BE9B05296F88ED005BD6DF /* FindTeacherViewController.xib */; };
		97BE9B0B296F89D3005BD6DF /* RecentActivityViewController.swift in Sources */ = {isa = PBXBuildFile; fileRef = 97BE9B09296F89D2005BD6DF /* RecentActivityViewController.swift */; };
		97BE9B0C296F89D3005BD6DF /* RecentActivityViewController.xib in Resources */ = {isa = PBXBuildFile; fileRef = 97BE9B0A296F89D2005BD6DF /* RecentActivityViewController.xib */; };
		97BE9B11296F8A49005BD6DF /* ThirdPartLoginViewController.swift in Sources */ = {isa = PBXBuildFile; fileRef = 97BE9B0F296F8A49005BD6DF /* ThirdPartLoginViewController.swift */; };
		97BE9B12296F8A49005BD6DF /* ThirdPartLoginViewController.xib in Resources */ = {isa = PBXBuildFile; fileRef = 97BE9B10296F8A49005BD6DF /* ThirdPartLoginViewController.xib */; };
		97BE9B15296F8B2E005BD6DF /* IdentityViewController.swift in Sources */ = {isa = PBXBuildFile; fileRef = 97BE9B13296F8B2E005BD6DF /* IdentityViewController.swift */; };
		97BE9B16296F8B2E005BD6DF /* IdentityViewController.xib in Resources */ = {isa = PBXBuildFile; fileRef = 97BE9B14296F8B2E005BD6DF /* IdentityViewController.xib */; };
		97BE9B1F29705999005BD6DF /* Localizable.strings in Resources */ = {isa = PBXBuildFile; fileRef = 97BE9B2129705999005BD6DF /* Localizable.strings */; };
		97BE9B2529705B2B005BD6DF /* String.swift in Sources */ = {isa = PBXBuildFile; fileRef = 97BE9B2429705B2B005BD6DF /* String.swift */; };
		97BE9B282970D169005BD6DF /* CollectTeacherViewController.swift in Sources */ = {isa = PBXBuildFile; fileRef = 97BE9B262970D169005BD6DF /* CollectTeacherViewController.swift */; };
		97BE9B292970D169005BD6DF /* CollectTeacherViewController.xib in Resources */ = {isa = PBXBuildFile; fileRef = 97BE9B272970D169005BD6DF /* CollectTeacherViewController.xib */; };
		97BE9B2C2973A797005BD6DF /* SearchTeacherViewController.swift in Sources */ = {isa = PBXBuildFile; fileRef = 97BE9B2A2973A797005BD6DF /* SearchTeacherViewController.swift */; };
		97BE9B2D2973A797005BD6DF /* SearchTeacherViewController.xib in Resources */ = {isa = PBXBuildFile; fileRef = 97BE9B2B2973A797005BD6DF /* SearchTeacherViewController.xib */; };
		97BE9B2F2973AC5B005BD6DF /* TeachersView.swift in Sources */ = {isa = PBXBuildFile; fileRef = 97BE9B2E2973AC5B005BD6DF /* TeachersView.swift */; };
		97BE9B312973AC84005BD6DF /* TeachersViewModel.swift in Sources */ = {isa = PBXBuildFile; fileRef = 97BE9B302973AC84005BD6DF /* TeachersViewModel.swift */; };
		97BE9B342973AF26005BD6DF /* TeachersCollectionViewCell.swift in Sources */ = {isa = PBXBuildFile; fileRef = 97BE9B322973AF26005BD6DF /* TeachersCollectionViewCell.swift */; };
		97BE9B352973AF26005BD6DF /* TeachersCollectionViewCell.xib in Resources */ = {isa = PBXBuildFile; fileRef = 97BE9B332973AF26005BD6DF /* TeachersCollectionViewCell.xib */; };
		97BE9B382973BC13005BD6DF /* Network.swift in Sources */ = {isa = PBXBuildFile; fileRef = 97BE9B372973BC13005BD6DF /* Network.swift */; };
		97BE9B3A2973C122005BD6DF /* ErrorState.swift in Sources */ = {isa = PBXBuildFile; fileRef = 97BE9B392973C122005BD6DF /* ErrorState.swift */; };
		97F34CAE296CDC77005E2F8E /* AppDelegate.swift in Sources */ = {isa = PBXBuildFile; fileRef = 97F34CAD296CDC77005E2F8E /* AppDelegate.swift */; };
		97F34CB0296CDC77005E2F8E /* SceneDelegate.swift in Sources */ = {isa = PBXBuildFile; fileRef = 97F34CAF296CDC77005E2F8E /* SceneDelegate.swift */; };
		97F34CB2296CDC77005E2F8E /* LearnerInfoPageViewController.swift in Sources */ = {isa = PBXBuildFile; fileRef = 97F34CB1296CDC77005E2F8E /* LearnerInfoPageViewController.swift */; };
		97F34CB7296CDC79005E2F8E /* Assets.xcassets in Resources */ = {isa = PBXBuildFile; fileRef = 97F34CB6296CDC79005E2F8E /* Assets.xcassets */; };
/* End PBXBuildFile section */

/* Begin PBXFileReference section */
		9778E56E296EDED000C4FB84 /* Learner.swift */ = {isa = PBXFileReference; lastKnownFileType = sourcecode.swift; path = Learner.swift; sourceTree = "<group>"; };
		9778E571296EEDD400C4FB84 /* Teacher.swift */ = {isa = PBXFileReference; lastKnownFileType = sourcecode.swift; path = Teacher.swift; sourceTree = "<group>"; };
		9778E573296EEE4D00C4FB84 /* MusicHost.swift */ = {isa = PBXFileReference; lastKnownFileType = sourcecode.swift; path = MusicHost.swift; sourceTree = "<group>"; };
		9778E575296EEEAA00C4FB84 /* BasicDefineModel.swift */ = {isa = PBXFileReference; lastKnownFileType = sourcecode.swift; path = BasicDefineModel.swift; sourceTree = "<group>"; };
		9778E578296EFE2800C4FB84 /* DebugPrint.swift */ = {isa = PBXFileReference; lastKnownFileType = sourcecode.swift; path = DebugPrint.swift; sourceTree = "<group>"; };
		9778E580296EFF2C00C4FB84 /* LearnerInfoPageViewModel.swift */ = {isa = PBXFileReference; lastKnownFileType = sourcecode.swift; path = LearnerInfoPageViewModel.swift; sourceTree = "<group>"; };
		97BE9AF6296F8502005BD6DF /* MainViewController.swift */ = {isa = PBXFileReference; lastKnownFileType = sourcecode.swift; path = MainViewController.swift; sourceTree = "<group>"; };
		97BE9AF8296F86AE005BD6DF /* LoginViewController.swift */ = {isa = PBXFileReference; lastKnownFileType = sourcecode.swift; path = LoginViewController.swift; sourceTree = "<group>"; };
		97BE9AF9296F86AE005BD6DF /* LoginViewController.xib */ = {isa = PBXFileReference; lastKnownFileType = file.xib; path = LoginViewController.xib; sourceTree = "<group>"; };
		97BE9AFC296F88AF005BD6DF /* NearMusicClassRoomViewController.swift */ = {isa = PBXFileReference; lastKnownFileType = sourcecode.swift; path = NearMusicClassRoomViewController.swift; sourceTree = "<group>"; };
		97BE9AFD296F88AF005BD6DF /* NearMusicClassRoomViewController.xib */ = {isa = PBXFileReference; lastKnownFileType = file.xib; path = NearMusicClassRoomViewController.xib; sourceTree = "<group>"; };
		97BE9B00296F88D7005BD6DF /* FindGroupViewController.swift */ = {isa = PBXFileReference; lastKnownFileType = sourcecode.swift; path = FindGroupViewController.swift; sourceTree = "<group>"; };
		97BE9B01296F88D7005BD6DF /* FindGroupViewController.xib */ = {isa = PBXFileReference; lastKnownFileType = file.xib; path = FindGroupViewController.xib; sourceTree = "<group>"; };
		97BE9B04296F88ED005BD6DF /* FindTeacherViewController.swift */ = {isa = PBXFileReference; lastKnownFileType = sourcecode.swift; path = FindTeacherViewController.swift; sourceTree = "<group>"; };
		97BE9B05296F88ED005BD6DF /* FindTeacherViewController.xib */ = {isa = PBXFileReference; lastKnownFileType = file.xib; path = FindTeacherViewController.xib; sourceTree = "<group>"; };
		97BE9B09296F89D2005BD6DF /* RecentActivityViewController.swift */ = {isa = PBXFileReference; lastKnownFileType = sourcecode.swift; path = RecentActivityViewController.swift; sourceTree = "<group>"; };
		97BE9B0A296F89D2005BD6DF /* RecentActivityViewController.xib */ = {isa = PBXFileReference; lastKnownFileType = file.xib; path = RecentActivityViewController.xib; sourceTree = "<group>"; };
		97BE9B0F296F8A49005BD6DF /* ThirdPartLoginViewController.swift */ = {isa = PBXFileReference; lastKnownFileType = sourcecode.swift; path = ThirdPartLoginViewController.swift; sourceTree = "<group>"; };
		97BE9B10296F8A49005BD6DF /* ThirdPartLoginViewController.xib */ = {isa = PBXFileReference; lastKnownFileType = file.xib; path = ThirdPartLoginViewController.xib; sourceTree = "<group>"; };
		97BE9B13296F8B2E005BD6DF /* IdentityViewController.swift */ = {isa = PBXFileReference; lastKnownFileType = sourcecode.swift; path = IdentityViewController.swift; sourceTree = "<group>"; };
		97BE9B14296F8B2E005BD6DF /* IdentityViewController.xib */ = {isa = PBXFileReference; lastKnownFileType = file.xib; path = IdentityViewController.xib; sourceTree = "<group>"; };
		97BE9B2029705999005BD6DF /* zh-Hant */ = {isa = PBXFileReference; lastKnownFileType = text.plist.strings; name = "zh-Hant"; path = "zh-Hant.lproj/Localizable.strings"; sourceTree = "<group>"; };
		97BE9B22297059BD005BD6DF /* en */ = {isa = PBXFileReference; lastKnownFileType = text.plist.strings; name = en; path = en.lproj/Localizable.strings; sourceTree = "<group>"; };
		97BE9B2429705B2B005BD6DF /* String.swift */ = {isa = PBXFileReference; lastKnownFileType = sourcecode.swift; path = String.swift; sourceTree = "<group>"; };
		97BE9B262970D169005BD6DF /* CollectTeacherViewController.swift */ = {isa = PBXFileReference; lastKnownFileType = sourcecode.swift; path = CollectTeacherViewController.swift; sourceTree = "<group>"; };
		97BE9B272970D169005BD6DF /* CollectTeacherViewController.xib */ = {isa = PBXFileReference; lastKnownFileType = file.xib; path = CollectTeacherViewController.xib; sourceTree = "<group>"; };
		97BE9B2A2973A797005BD6DF /* SearchTeacherViewController.swift */ = {isa = PBXFileReference; lastKnownFileType = sourcecode.swift; path = SearchTeacherViewController.swift; sourceTree = "<group>"; };
		97BE9B2B2973A797005BD6DF /* SearchTeacherViewController.xib */ = {isa = PBXFileReference; lastKnownFileType = file.xib; path = SearchTeacherViewController.xib; sourceTree = "<group>"; };
		97BE9B2E2973AC5B005BD6DF /* TeachersView.swift */ = {isa = PBXFileReference; lastKnownFileType = sourcecode.swift; path = TeachersView.swift; sourceTree = "<group>"; };
		97BE9B302973AC84005BD6DF /* TeachersViewModel.swift */ = {isa = PBXFileReference; lastKnownFileType = sourcecode.swift; path = TeachersViewModel.swift; sourceTree = "<group>"; };
		97BE9B322973AF26005BD6DF /* TeachersCollectionViewCell.swift */ = {isa = PBXFileReference; lastKnownFileType = sourcecode.swift; path = TeachersCollectionViewCell.swift; sourceTree = "<group>"; };
		97BE9B332973AF26005BD6DF /* TeachersCollectionViewCell.xib */ = {isa = PBXFileReference; lastKnownFileType = file.xib; path = TeachersCollectionViewCell.xib; sourceTree = "<group>"; };
		97BE9B372973BC13005BD6DF /* Network.swift */ = {isa = PBXFileReference; lastKnownFileType = sourcecode.swift; path = Network.swift; sourceTree = "<group>"; };
		97BE9B392973C122005BD6DF /* ErrorState.swift */ = {isa = PBXFileReference; lastKnownFileType = sourcecode.swift; path = ErrorState.swift; sourceTree = "<group>"; };
		97F34CAA296CDC77005E2F8E /* Mussiiker.app */ = {isa = PBXFileReference; explicitFileType = wrapper.application; includeInIndex = 0; path = Mussiiker.app; sourceTree = BUILT_PRODUCTS_DIR; };
		97F34CAD296CDC77005E2F8E /* AppDelegate.swift */ = {isa = PBXFileReference; lastKnownFileType = sourcecode.swift; path = AppDelegate.swift; sourceTree = "<group>"; };
		97F34CAF296CDC77005E2F8E /* SceneDelegate.swift */ = {isa = PBXFileReference; lastKnownFileType = sourcecode.swift; path = SceneDelegate.swift; sourceTree = "<group>"; };
		97F34CB1296CDC77005E2F8E /* LearnerInfoPageViewController.swift */ = {isa = PBXFileReference; lastKnownFileType = sourcecode.swift; path = LearnerInfoPageViewController.swift; sourceTree = "<group>"; };
		97F34CB6296CDC79005E2F8E /* Assets.xcassets */ = {isa = PBXFileReference; lastKnownFileType = folder.assetcatalog; path = Assets.xcassets; sourceTree = "<group>"; };
		97F34CBB296CDC79005E2F8E /* Info.plist */ = {isa = PBXFileReference; lastKnownFileType = text.plist.xml; path = Info.plist; sourceTree = "<group>"; };
		AD416796C4FDC24F9DF0879D /* Pods-Mussiiker.debug.xcconfig */ = {isa = PBXFileReference; includeInIndex = 1; lastKnownFileType = text.xcconfig; name = "Pods-Mussiiker.debug.xcconfig"; path = "Target Support Files/Pods-Mussiiker/Pods-Mussiiker.debug.xcconfig"; sourceTree = "<group>"; };
		C9B8294F95369B83082C4813 /* Pods_Mussiiker.framework */ = {isa = PBXFileReference; explicitFileType = wrapper.framework; includeInIndex = 0; path = Pods_Mussiiker.framework; sourceTree = BUILT_PRODUCTS_DIR; };
		D145700DE4C46C88F6732724 /* Pods-Mussiiker.release.xcconfig */ = {isa = PBXFileReference; includeInIndex = 1; lastKnownFileType = text.xcconfig; name = "Pods-Mussiiker.release.xcconfig"; path = "Target Support Files/Pods-Mussiiker/Pods-Mussiiker.release.xcconfig"; sourceTree = "<group>"; };
/* End PBXFileReference section */

/* Begin PBXFrameworksBuildPhase section */
		97F34CA7296CDC77005E2F8E /* Frameworks */ = {
			isa = PBXFrameworksBuildPhase;
			buildActionMask = 2147483647;
			files = (
				49E3CA4EB586662ABFE3ACB7 /* Pods_Mussiiker.framework in Frameworks */,
			);
			runOnlyForDeploymentPostprocessing = 0;
		};
/* End PBXFrameworksBuildPhase section */

/* Begin PBXGroup section */
		8C6858DB88C1105FB1F85BD8 /* Pods */ = {
			isa = PBXGroup;
			children = (
				AD416796C4FDC24F9DF0879D /* Pods-Mussiiker.debug.xcconfig */,
				D145700DE4C46C88F6732724 /* Pods-Mussiiker.release.xcconfig */,
			);
			path = Pods;
			sourceTree = "<group>";
		};
		9778E570296EE34300C4FB84 /* Model */ = {
			isa = PBXGroup;
			children = (
				9778E575296EEEAA00C4FB84 /* BasicDefineModel.swift */,
				9778E571296EEDD400C4FB84 /* Teacher.swift */,
				9778E56E296EDED000C4FB84 /* Learner.swift */,
				9778E573296EEE4D00C4FB84 /* MusicHost.swift */,
			);
			path = Model;
			sourceTree = "<group>";
		};
		9778E577296EFE0A00C4FB84 /* DebugPrint */ = {
			isa = PBXGroup;
			children = (
				9778E578296EFE2800C4FB84 /* DebugPrint.swift */,
			);
			path = DebugPrint;
			sourceTree = "<group>";
		};
		9778E57A296EFE3B00C4FB84 /* Errors */ = {
			isa = PBXGroup;
			children = (
				97BE9B392973C122005BD6DF /* ErrorState.swift */,
			);
			path = Errors;
			sourceTree = "<group>";
		};
		9778E57B296EFE9B00C4FB84 /* ViewController */ = {
			isa = PBXGroup;
			children = (
				97BE9AF6296F8502005BD6DF /* MainViewController.swift */,
				97F34CB1296CDC77005E2F8E /* LearnerInfoPageViewController.swift */,
				97BE9B0E296F8A16005BD6DF /* MusicHost */,
				97BE9B0D296F89F3005BD6DF /* Teacher */,
				97BE9B08296F8998005BD6DF /* Learner */,
			);
			path = ViewController;
			sourceTree = "<group>";
		};
		9778E57C296EFEAE00C4FB84 /* View */ = {
			isa = PBXGroup;
			children = (
				97BE9B2E2973AC5B005BD6DF /* TeachersView.swift */,
				97BE9B322973AF26005BD6DF /* TeachersCollectionViewCell.swift */,
				97BE9B332973AF26005BD6DF /* TeachersCollectionViewCell.xib */,
			);
			path = View;
			sourceTree = "<group>";
		};
		9778E57D296EFEC000C4FB84 /* ViewModel */ = {
			isa = PBXGroup;
			children = (
				97BE9B302973AC84005BD6DF /* TeachersViewModel.swift */,
				9778E580296EFF2C00C4FB84 /* LearnerInfoPageViewModel.swift */,
			);
			path = ViewModel;
			sourceTree = "<group>";
		};
		9778E582296EFF3D00C4FB84 /* UnBoxing */ = {
			isa = PBXGroup;
			children = (
				97BE9AF8296F86AE005BD6DF /* LoginViewController.swift */,
				97BE9B13296F8B2E005BD6DF /* IdentityViewController.swift */,
				97BE9B14296F8B2E005BD6DF /* IdentityViewController.xib */,
				97BE9AF9296F86AE005BD6DF /* LoginViewController.xib */,
				97BE9B0F296F8A49005BD6DF /* ThirdPartLoginViewController.swift */,
				97BE9B10296F8A49005BD6DF /* ThirdPartLoginViewController.xib */,
			);
			path = UnBoxing;
			sourceTree = "<group>";
		};
		9778E583296EFF7500C4FB84 /* InApp */ = {
			isa = PBXGroup;
			children = (
				9778E57B296EFE9B00C4FB84 /* ViewController */,
				9778E57C296EFEAE00C4FB84 /* View */,
				9778E57D296EFEC000C4FB84 /* ViewModel */,
			);
			path = InApp;
			sourceTree = "<group>";
		};
		97BE9B08296F8998005BD6DF /* Learner */ = {
			isa = PBXGroup;
			children = (
				97BE9B04296F88ED005BD6DF /* FindTeacherViewController.swift */,
				97BE9B05296F88ED005BD6DF /* FindTeacherViewController.xib */,
				97BE9B262970D169005BD6DF /* CollectTeacherViewController.swift */,
				97BE9B272970D169005BD6DF /* CollectTeacherViewController.xib */,
				97BE9B2A2973A797005BD6DF /* SearchTeacherViewController.swift */,
				97BE9B2B2973A797005BD6DF /* SearchTeacherViewController.xib */,
				97BE9B00296F88D7005BD6DF /* FindGroupViewController.swift */,
				97BE9B01296F88D7005BD6DF /* FindGroupViewController.xib */,
				97BE9AFC296F88AF005BD6DF /* NearMusicClassRoomViewController.swift */,
				97BE9AFD296F88AF005BD6DF /* NearMusicClassRoomViewController.xib */,
				97BE9B09296F89D2005BD6DF /* RecentActivityViewController.swift */,
				97BE9B0A296F89D2005BD6DF /* RecentActivityViewController.xib */,
			);
			path = Learner;
			sourceTree = "<group>";
		};
		97BE9B0D296F89F3005BD6DF /* Teacher */ = {
			isa = PBXGroup;
			children = (
			);
			path = Teacher;
			sourceTree = "<group>";
		};
		97BE9B0E296F8A16005BD6DF /* MusicHost */ = {
			isa = PBXGroup;
			children = (
			);
			path = MusicHost;
			sourceTree = "<group>";
		};
		97BE9B2329705B18005BD6DF /* Extension */ = {
			isa = PBXGroup;
			children = (
				97BE9B2429705B2B005BD6DF /* String.swift */,
			);
			path = Extension;
			sourceTree = "<group>";
		};
		97BE9B362973BBF6005BD6DF /* Network */ = {
			isa = PBXGroup;
			children = (
				97BE9B372973BC13005BD6DF /* Network.swift */,
			);
			path = Network;
			sourceTree = "<group>";
		};
		97F34CA1296CDC77005E2F8E = {
			isa = PBXGroup;
			children = (
				97F34CAC296CDC77005E2F8E /* Mussiiker */,
				97F34CAB296CDC77005E2F8E /* Products */,
				8C6858DB88C1105FB1F85BD8 /* Pods */,
				A43BE6D9978E6E8AF895E26D /* Frameworks */,
			);
			sourceTree = "<group>";
		};
		97F34CAB296CDC77005E2F8E /* Products */ = {
			isa = PBXGroup;
			children = (
				97F34CAA296CDC77005E2F8E /* Mussiiker.app */,
			);
			name = Products;
			sourceTree = "<group>";
		};
		97F34CAC296CDC77005E2F8E /* Mussiiker */ = {
			isa = PBXGroup;
			children = (
				97F34CAD296CDC77005E2F8E /* AppDelegate.swift */,
				97F34CAF296CDC77005E2F8E /* SceneDelegate.swift */,
				97BE9B362973BBF6005BD6DF /* Network */,
				9778E570296EE34300C4FB84 /* Model */,
				9778E583296EFF7500C4FB84 /* InApp */,
				9778E582296EFF3D00C4FB84 /* UnBoxing */,
				9778E57A296EFE3B00C4FB84 /* Errors */,
				9778E577296EFE0A00C4FB84 /* DebugPrint */,
				97F34CB6296CDC79005E2F8E /* Assets.xcassets */,
				97BE9B2329705B18005BD6DF /* Extension */,
				97BE9B2129705999005BD6DF /* Localizable.strings */,
				97F34CBB296CDC79005E2F8E /* Info.plist */,
			);
			path = Mussiiker;
			sourceTree = "<group>";
		};
		A43BE6D9978E6E8AF895E26D /* Frameworks */ = {
			isa = PBXGroup;
			children = (
				C9B8294F95369B83082C4813 /* Pods_Mussiiker.framework */,
			);
			name = Frameworks;
			sourceTree = "<group>";
		};
/* End PBXGroup section */

/* Begin PBXNativeTarget section */
		97F34CA9296CDC77005E2F8E /* Mussiiker */ = {
			isa = PBXNativeTarget;
			buildConfigurationList = 97F34CBE296CDC79005E2F8E /* Build configuration list for PBXNativeTarget "Mussiiker" */;
			buildPhases = (
				11FED227B19A4A8240C7B42F /* [CP] Check Pods Manifest.lock */,
				97F34CA6296CDC77005E2F8E /* Sources */,
				97F34CA7296CDC77005E2F8E /* Frameworks */,
				97F34CA8296CDC77005E2F8E /* Resources */,
				8D498722B369D0F32080B0D8 /* [CP] Embed Pods Frameworks */,
			);
			buildRules = (
			);
			dependencies = (
			);
			name = Mussiiker;
			productName = Mussiiker;
			productReference = 97F34CAA296CDC77005E2F8E /* Mussiiker.app */;
			productType = "com.apple.product-type.application";
		};
/* End PBXNativeTarget section */

/* Begin PBXProject section */
		97F34CA2296CDC77005E2F8E /* Project object */ = {
			isa = PBXProject;
			attributes = {
				BuildIndependentTargetsInParallel = 1;
				LastSwiftUpdateCheck = 1320;
				LastUpgradeCheck = 1320;
				TargetAttributes = {
					97F34CA9296CDC77005E2F8E = {
						CreatedOnToolsVersion = 13.2.1;
					};
				};
			};
			buildConfigurationList = 97F34CA5296CDC77005E2F8E /* Build configuration list for PBXProject "Mussiiker" */;
			compatibilityVersion = "Xcode 13.0";
			developmentRegion = en;
			hasScannedForEncodings = 0;
			knownRegions = (
				en,
				Base,
				"zh-Hant",
			);
			mainGroup = 97F34CA1296CDC77005E2F8E;
			productRefGroup = 97F34CAB296CDC77005E2F8E /* Products */;
			projectDirPath = "";
			projectRoot = "";
			targets = (
				97F34CA9296CDC77005E2F8E /* Mussiiker */,
			);
		};
/* End PBXProject section */

/* Begin PBXResourcesBuildPhase section */
		97F34CA8296CDC77005E2F8E /* Resources */ = {
			isa = PBXResourcesBuildPhase;
			buildActionMask = 2147483647;
			files = (
				97BE9B2D2973A797005BD6DF /* SearchTeacherViewController.xib in Resources */,
				97BE9B352973AF26005BD6DF /* TeachersCollectionViewCell.xib in Resources */,
				97BE9B07296F88ED005BD6DF /* FindTeacherViewController.xib in Resources */,
				97BE9B12296F8A49005BD6DF /* ThirdPartLoginViewController.xib in Resources */,
				97BE9AFB296F86AE005BD6DF /* LoginViewController.xib in Resources */,
				97BE9B0C296F89D3005BD6DF /* RecentActivityViewController.xib in Resources */,
				97BE9B292970D169005BD6DF /* CollectTeacherViewController.xib in Resources */,
				97BE9B1F29705999005BD6DF /* Localizable.strings in Resources */,
				97BE9B16296F8B2E005BD6DF /* IdentityViewController.xib in Resources */,
				97BE9B03296F88D7005BD6DF /* FindGroupViewController.xib in Resources */,
				97F34CB7296CDC79005E2F8E /* Assets.xcassets in Resources */,
				97BE9AFF296F88AF005BD6DF /* NearMusicClassRoomViewController.xib in Resources */,
			);
			runOnlyForDeploymentPostprocessing = 0;
		};
/* End PBXResourcesBuildPhase section */

/* Begin PBXShellScriptBuildPhase section */
		11FED227B19A4A8240C7B42F /* [CP] Check Pods Manifest.lock */ = {
			isa = PBXShellScriptBuildPhase;
			buildActionMask = 2147483647;
			files = (
			);
			inputFileListPaths = (
			);
			inputPaths = (
				"${PODS_PODFILE_DIR_PATH}/Podfile.lock",
				"${PODS_ROOT}/Manifest.lock",
			);
			name = "[CP] Check Pods Manifest.lock";
			outputFileListPaths = (
			);
			outputPaths = (
				"$(DERIVED_FILE_DIR)/Pods-Mussiiker-checkManifestLockResult.txt",
			);
			runOnlyForDeploymentPostprocessing = 0;
			shellPath = /bin/sh;
			shellScript = "diff \"${PODS_PODFILE_DIR_PATH}/Podfile.lock\" \"${PODS_ROOT}/Manifest.lock\" > /dev/null\nif [ $? != 0 ] ; then\n    # print error to STDERR\n    echo \"error: The sandbox is not in sync with the Podfile.lock. Run 'pod install' or update your CocoaPods installation.\" >&2\n    exit 1\nfi\n# This output is used by Xcode 'outputs' to avoid re-running this script phase.\necho \"SUCCESS\" > \"${SCRIPT_OUTPUT_FILE_0}\"\n";
			showEnvVarsInLog = 0;
		};
		8D498722B369D0F32080B0D8 /* [CP] Embed Pods Frameworks */ = {
			isa = PBXShellScriptBuildPhase;
			buildActionMask = 2147483647;
			files = (
			);
			inputFileListPaths = (
				"${PODS_ROOT}/Target Support Files/Pods-Mussiiker/Pods-Mussiiker-frameworks-${CONFIGURATION}-input-files.xcfilelist",
			);
			name = "[CP] Embed Pods Frameworks";
			outputFileListPaths = (
				"${PODS_ROOT}/Target Support Files/Pods-Mussiiker/Pods-Mussiiker-frameworks-${CONFIGURATION}-output-files.xcfilelist",
			);
			runOnlyForDeploymentPostprocessing = 0;
			shellPath = /bin/sh;
			shellScript = "\"${PODS_ROOT}/Target Support Files/Pods-Mussiiker/Pods-Mussiiker-frameworks.sh\"\n";
			showEnvVarsInLog = 0;
		};
/* End PBXShellScriptBuildPhase section */

/* Begin PBXSourcesBuildPhase section */
		97F34CA6296CDC77005E2F8E /* Sources */ = {
			isa = PBXSourcesBuildPhase;
			buildActionMask = 2147483647;
			files = (
				97BE9AFA296F86AE005BD6DF /* LoginViewController.swift in Sources */,
				97F34CB2296CDC77005E2F8E /* LearnerInfoPageViewController.swift in Sources */,
				97BE9B382973BC13005BD6DF /* Network.swift in Sources */,
				97BE9B0B296F89D3005BD6DF /* RecentActivityViewController.swift in Sources */,
				97BE9B2C2973A797005BD6DF /* SearchTeacherViewController.swift in Sources */,
				97BE9B11296F8A49005BD6DF /* ThirdPartLoginViewController.swift in Sources */,
				97BE9B282970D169005BD6DF /* CollectTeacherViewController.swift in Sources */,
				97BE9AF7296F8502005BD6DF /* MainViewController.swift in Sources */,
				9778E572296EEDD400C4FB84 /* Teacher.swift in Sources */,
				9778E579296EFE2800C4FB84 /* DebugPrint.swift in Sources */,
				97BE9B06296F88ED005BD6DF /* FindTeacherViewController.swift in Sources */,
				9778E576296EEEAA00C4FB84 /* BasicDefineModel.swift in Sources */,
				97F34CAE296CDC77005E2F8E /* AppDelegate.swift in Sources */,
				97BE9AFE296F88AF005BD6DF /* NearMusicClassRoomViewController.swift in Sources */,
				97BE9B312973AC84005BD6DF /* TeachersViewModel.swift in Sources */,
				97BE9B3A2973C122005BD6DF /* ErrorState.swift in Sources */,
				9778E574296EEE4D00C4FB84 /* MusicHost.swift in Sources */,
				97BE9B2529705B2B005BD6DF /* String.swift in Sources */,
				9778E581296EFF2C00C4FB84 /* LearnerInfoPageViewModel.swift in Sources */,
				97BE9B2F2973AC5B005BD6DF /* TeachersView.swift in Sources */,
				97BE9B342973AF26005BD6DF /* TeachersCollectionViewCell.swift in Sources */,
				97F34CB0296CDC77005E2F8E /* SceneDelegate.swift in Sources */,
				9778E56F296EDED000C4FB84 /* Learner.swift in Sources */,
				97BE9B02296F88D7005BD6DF /* FindGroupViewController.swift in Sources */,
				97BE9B15296F8B2E005BD6DF /* IdentityViewController.swift in Sources */,
			);
			runOnlyForDeploymentPostprocessing = 0;
		};
/* End PBXSourcesBuildPhase section */

/* Begin PBXVariantGroup section */
		97BE9B2129705999005BD6DF /* Localizable.strings */ = {
			isa = PBXVariantGroup;
			children = (
				97BE9B2029705999005BD6DF /* zh-Hant */,
				97BE9B22297059BD005BD6DF /* en */,
			);
			name = Localizable.strings;
			sourceTree = "<group>";
		};
/* End PBXVariantGroup section */

/* Begin XCBuildConfiguration section */
		97F34CBC296CDC79005E2F8E /* Debug */ = {
			isa = XCBuildConfiguration;
			buildSettings = {
				ALWAYS_SEARCH_USER_PATHS = NO;
				CLANG_ANALYZER_NONNULL = YES;
				CLANG_ANALYZER_NUMBER_OBJECT_CONVERSION = YES_AGGRESSIVE;
				CLANG_CXX_LANGUAGE_STANDARD = "gnu++17";
				CLANG_CXX_LIBRARY = "libc++";
				CLANG_ENABLE_MODULES = YES;
				CLANG_ENABLE_OBJC_ARC = YES;
				CLANG_ENABLE_OBJC_WEAK = YES;
				CLANG_WARN_BLOCK_CAPTURE_AUTORELEASING = YES;
				CLANG_WARN_BOOL_CONVERSION = YES;
				CLANG_WARN_COMMA = YES;
				CLANG_WARN_CONSTANT_CONVERSION = YES;
				CLANG_WARN_DEPRECATED_OBJC_IMPLEMENTATIONS = YES;
				CLANG_WARN_DIRECT_OBJC_ISA_USAGE = YES_ERROR;
				CLANG_WARN_DOCUMENTATION_COMMENTS = YES;
				CLANG_WARN_EMPTY_BODY = YES;
				CLANG_WARN_ENUM_CONVERSION = YES;
				CLANG_WARN_INFINITE_RECURSION = YES;
				CLANG_WARN_INT_CONVERSION = YES;
				CLANG_WARN_NON_LITERAL_NULL_CONVERSION = YES;
				CLANG_WARN_OBJC_IMPLICIT_RETAIN_SELF = YES;
				CLANG_WARN_OBJC_LITERAL_CONVERSION = YES;
				CLANG_WARN_OBJC_ROOT_CLASS = YES_ERROR;
				CLANG_WARN_QUOTED_INCLUDE_IN_FRAMEWORK_HEADER = YES;
				CLANG_WARN_RANGE_LOOP_ANALYSIS = YES;
				CLANG_WARN_STRICT_PROTOTYPES = YES;
				CLANG_WARN_SUSPICIOUS_MOVE = YES;
				CLANG_WARN_UNGUARDED_AVAILABILITY = YES_AGGRESSIVE;
				CLANG_WARN_UNREACHABLE_CODE = YES;
				CLANG_WARN__DUPLICATE_METHOD_MATCH = YES;
				COPY_PHASE_STRIP = NO;
				DEBUG_INFORMATION_FORMAT = dwarf;
				ENABLE_STRICT_OBJC_MSGSEND = YES;
				ENABLE_TESTABILITY = YES;
				GCC_C_LANGUAGE_STANDARD = gnu11;
				GCC_DYNAMIC_NO_PIC = NO;
				GCC_NO_COMMON_BLOCKS = YES;
				GCC_OPTIMIZATION_LEVEL = 0;
				GCC_PREPROCESSOR_DEFINITIONS = (
					"DEBUG=1",
					"$(inherited)",
				);
				GCC_WARN_64_TO_32_BIT_CONVERSION = YES;
				GCC_WARN_ABOUT_RETURN_TYPE = YES_ERROR;
				GCC_WARN_UNDECLARED_SELECTOR = YES;
				GCC_WARN_UNINITIALIZED_AUTOS = YES_AGGRESSIVE;
				GCC_WARN_UNUSED_FUNCTION = YES;
				GCC_WARN_UNUSED_VARIABLE = YES;
				IPHONEOS_DEPLOYMENT_TARGET = 15.2;
				MTL_ENABLE_DEBUG_INFO = INCLUDE_SOURCE;
				MTL_FAST_MATH = YES;
				ONLY_ACTIVE_ARCH = YES;
				SDKROOT = iphoneos;
				SWIFT_ACTIVE_COMPILATION_CONDITIONS = DEBUG;
				SWIFT_OPTIMIZATION_LEVEL = "-Onone";
			};
			name = Debug;
		};
		97F34CBD296CDC79005E2F8E /* Release */ = {
			isa = XCBuildConfiguration;
			buildSettings = {
				ALWAYS_SEARCH_USER_PATHS = NO;
				CLANG_ANALYZER_NONNULL = YES;
				CLANG_ANALYZER_NUMBER_OBJECT_CONVERSION = YES_AGGRESSIVE;
				CLANG_CXX_LANGUAGE_STANDARD = "gnu++17";
				CLANG_CXX_LIBRARY = "libc++";
				CLANG_ENABLE_MODULES = YES;
				CLANG_ENABLE_OBJC_ARC = YES;
				CLANG_ENABLE_OBJC_WEAK = YES;
				CLANG_WARN_BLOCK_CAPTURE_AUTORELEASING = YES;
				CLANG_WARN_BOOL_CONVERSION = YES;
				CLANG_WARN_COMMA = YES;
				CLANG_WARN_CONSTANT_CONVERSION = YES;
				CLANG_WARN_DEPRECATED_OBJC_IMPLEMENTATIONS = YES;
				CLANG_WARN_DIRECT_OBJC_ISA_USAGE = YES_ERROR;
				CLANG_WARN_DOCUMENTATION_COMMENTS = YES;
				CLANG_WARN_EMPTY_BODY = YES;
				CLANG_WARN_ENUM_CONVERSION = YES;
				CLANG_WARN_INFINITE_RECURSION = YES;
				CLANG_WARN_INT_CONVERSION = YES;
				CLANG_WARN_NON_LITERAL_NULL_CONVERSION = YES;
				CLANG_WARN_OBJC_IMPLICIT_RETAIN_SELF = YES;
				CLANG_WARN_OBJC_LITERAL_CONVERSION = YES;
				CLANG_WARN_OBJC_ROOT_CLASS = YES_ERROR;
				CLANG_WARN_QUOTED_INCLUDE_IN_FRAMEWORK_HEADER = YES;
				CLANG_WARN_RANGE_LOOP_ANALYSIS = YES;
				CLANG_WARN_STRICT_PROTOTYPES = YES;
				CLANG_WARN_SUSPICIOUS_MOVE = YES;
				CLANG_WARN_UNGUARDED_AVAILABILITY = YES_AGGRESSIVE;
				CLANG_WARN_UNREACHABLE_CODE = YES;
				CLANG_WARN__DUPLICATE_METHOD_MATCH = YES;
				COPY_PHASE_STRIP = NO;
				DEBUG_INFORMATION_FORMAT = "dwarf-with-dsym";
				ENABLE_NS_ASSERTIONS = NO;
				ENABLE_STRICT_OBJC_MSGSEND = YES;
				GCC_C_LANGUAGE_STANDARD = gnu11;
				GCC_NO_COMMON_BLOCKS = YES;
				GCC_WARN_64_TO_32_BIT_CONVERSION = YES;
				GCC_WARN_ABOUT_RETURN_TYPE = YES_ERROR;
				GCC_WARN_UNDECLARED_SELECTOR = YES;
				GCC_WARN_UNINITIALIZED_AUTOS = YES_AGGRESSIVE;
				GCC_WARN_UNUSED_FUNCTION = YES;
				GCC_WARN_UNUSED_VARIABLE = YES;
				IPHONEOS_DEPLOYMENT_TARGET = 15.2;
				MTL_ENABLE_DEBUG_INFO = NO;
				MTL_FAST_MATH = YES;
				SDKROOT = iphoneos;
				SWIFT_COMPILATION_MODE = wholemodule;
				SWIFT_OPTIMIZATION_LEVEL = "-O";
				VALIDATE_PRODUCT = YES;
			};
			name = Release;
		};
		97F34CBF296CDC79005E2F8E /* Debug */ = {
			isa = XCBuildConfiguration;
			baseConfigurationReference = AD416796C4FDC24F9DF0879D /* Pods-Mussiiker.debug.xcconfig */;
			buildSettings = {
				ASSETCATALOG_COMPILER_APPICON_NAME = AppIcon;
				ASSETCATALOG_COMPILER_GLOBAL_ACCENT_COLOR_NAME = AccentColor;
				CODE_SIGN_STYLE = Automatic;
				CURRENT_PROJECT_VERSION = 1;
				DEVELOPMENT_TEAM = QRA5DG5SAD;
				GENERATE_INFOPLIST_FILE = YES;
				INFOPLIST_FILE = Mussiiker/Info.plist;
				INFOPLIST_KEY_UIApplicationSupportsIndirectInputEvents = YES;
				INFOPLIST_KEY_UILaunchStoryboardName = LaunchScreen;
				INFOPLIST_KEY_UISupportedInterfaceOrientations_iPad = "UIInterfaceOrientationPortrait UIInterfaceOrientationPortraitUpsideDown UIInterfaceOrientationLandscapeLeft UIInterfaceOrientationLandscapeRight";
				INFOPLIST_KEY_UISupportedInterfaceOrientations_iPhone = "UIInterfaceOrientationPortrait UIInterfaceOrientationLandscapeLeft UIInterfaceOrientationLandscapeRight";
				LD_RUNPATH_SEARCH_PATHS = (
					"$(inherited)",
					"@executable_path/Frameworks",
				);
				MARKETING_VERSION = 1.0;
				PRODUCT_BUNDLE_IDENTIFIER = testing.Mussiiker;
				PRODUCT_NAME = "$(TARGET_NAME)";
				SWIFT_EMIT_LOC_STRINGS = YES;
				SWIFT_VERSION = 5.0;
				TARGETED_DEVICE_FAMILY = "1,2";
			};
			name = Debug;
		};
		97F34CC0296CDC79005E2F8E /* Release */ = {
			isa = XCBuildConfiguration;
			baseConfigurationReference = D145700DE4C46C88F6732724 /* Pods-Mussiiker.release.xcconfig */;
			buildSettings = {
				ASSETCATALOG_COMPILER_APPICON_NAME = AppIcon;
				ASSETCATALOG_COMPILER_GLOBAL_ACCENT_COLOR_NAME = AccentColor;
				CODE_SIGN_STYLE = Automatic;
				CURRENT_PROJECT_VERSION = 1;
				DEVELOPMENT_TEAM = QRA5DG5SAD;
				GENERATE_INFOPLIST_FILE = YES;
				INFOPLIST_FILE = Mussiiker/Info.plist;
				INFOPLIST_KEY_UIApplicationSupportsIndirectInputEvents = YES;
				INFOPLIST_KEY_UILaunchStoryboardName = LaunchScreen;
				INFOPLIST_KEY_UISupportedInterfaceOrientations_iPad = "UIInterfaceOrientationPortrait UIInterfaceOrientationPortraitUpsideDown UIInterfaceOrientationLandscapeLeft UIInterfaceOrientationLandscapeRight";
				INFOPLIST_KEY_UISupportedInterfaceOrientations_iPhone = "UIInterfaceOrientationPortrait UIInterfaceOrientationLandscapeLeft UIInterfaceOrientationLandscapeRight";
				LD_RUNPATH_SEARCH_PATHS = (
					"$(inherited)",
					"@executable_path/Frameworks",
				);
				MARKETING_VERSION = 1.0;
				PRODUCT_BUNDLE_IDENTIFIER = testing.Mussiiker;
				PRODUCT_NAME = "$(TARGET_NAME)";
				SWIFT_EMIT_LOC_STRINGS = YES;
				SWIFT_VERSION = 5.0;
				TARGETED_DEVICE_FAMILY = "1,2";
			};
			name = Release;
		};
/* End XCBuildConfiguration section */

/* Begin XCConfigurationList section */
		97F34CA5296CDC77005E2F8E /* Build configuration list for PBXProject "Mussiiker" */ = {
			isa = XCConfigurationList;
			buildConfigurations = (
				97F34CBC296CDC79005E2F8E /* Debug */,
				97F34CBD296CDC79005E2F8E /* Release */,
			);
			defaultConfigurationIsVisible = 0;
			defaultConfigurationName = Release;
		};
		97F34CBE296CDC79005E2F8E /* Build configuration list for PBXNativeTarget "Mussiiker" */ = {
			isa = XCConfigurationList;
			buildConfigurations = (
				97F34CBF296CDC79005E2F8E /* Debug */,
				97F34CC0296CDC79005E2F8E /* Release */,
			);
			defaultConfigurationIsVisible = 0;
			defaultConfigurationName = Release;
		};
/* End XCConfigurationList section */
	};
	rootObject = 97F34CA2296CDC77005E2F8E /* Project object */;
}
